
Microsoft Visual Studio Solution File, Format Version 12.00
# Visual Studio Version 16
VisualStudioVersion = 16.0.29001.49
MinimumVisualStudioVersion = 10.0.40219.1
Project("{888888A0-9F3D-457C-B088-3A5042F75D52}") = "Orphanage-Management-System-SOAD", "Orphanage-Management-System-SOAD.pyproj", "{0DF1FA88-27F8-4A96-B95F-DE6496B834FB}"
EndProject
Global
	GlobalSection(SolutionConfigurationPlatforms) = preSolution
		Debug|Any CPU = Debug|Any CPU
		Release|Any CPU = Release|Any CPU
	EndGlobalSection
	GlobalSection(ProjectConfigurationPlatforms) = postSolution
		{0DF1FA88-27F8-4A96-B95F-DE6496B834FB}.Debug|Any CPU.ActiveCfg = Debug|Any CPU
		{0DF1FA88-27F8-4A96-B95F-DE6496B834FB}.Debug|Any CPU.Build.0 = Debug|Any CPU
		{0DF1FA88-27F8-4A96-B95F-DE6496B834FB}.Release|Any CPU.ActiveCfg = Release|Any CPU
		{0DF1FA88-27F8-4A96-B95F-DE6496B834FB}.Release|Any CPU.Build.0 = Release|Any CPU
	EndGlobalSection
	GlobalSection(SolutionProperties) = preSolution
		HideSolutionNode = FALSE
	EndGlobalSection
	GlobalSection(ExtensibilityGlobals) = postSolution
		SolutionGuid = {85873ACD-5827-42D8-B8D0-E22E00B73F48}
	EndGlobalSection
EndGlobal
